
Microsoft Visual Studio Solution File, Format Version 12.00
# Visual Studio Version 16
VisualStudioVersion = 16.0.30523.141
MinimumVisualStudioVersion = 10.0.40219.1
Project("{FAE04EC0-301F-11D3-BF4B-00C04F79EFBC}") = "DesarrolloMovil-Practica1.Android", "DesarrolloMovil-Practica1\DesarrolloMovil-Practica1.Android\DesarrolloMovil-Practica1.Android.csproj", "{DE56CF6C-D146-4332-9782-B7925EF5BB76}"
EndProject
Project("{FAE04EC0-301F-11D3-BF4B-00C04F79EFBC}") = "DesarrolloMovil-Practica1.iOS", "DesarrolloMovil-Practica1\DesarrolloMovil-Practica1.iOS\DesarrolloMovil-Practica1.iOS.csproj", "{4E29E5D4-F7AA-44F7-91C5-12843DA0BA65}"
EndProject
Project("{FAE04EC0-301F-11D3-BF4B-00C04F79EFBC}") = "DesarrolloMovil-Practica1", "DesarrolloMovil-Practica1\DesarrolloMovil-Practica1\DesarrolloMovil-Practica1.csproj", "{EAA73EB3-90A6-4852-8EDA-DE10D76F7034}"
EndProject
Global
	GlobalSection(SolutionConfigurationPlatforms) = preSolution
		Debug|Any CPU = Debug|Any CPU
		Debug|iPhone = Debug|iPhone
		Debug|iPhoneSimulator = Debug|iPhoneSimulator
		Release|Any CPU = Release|Any CPU
		Release|iPhone = Release|iPhone
		Release|iPhoneSimulator = Release|iPhoneSimulator
	EndGlobalSection
	GlobalSection(ProjectConfigurationPlatforms) = postSolution
		{DE56CF6C-D146-4332-9782-B7925EF5BB76}.Debug|Any CPU.ActiveCfg = Debug|Any CPU
		{DE56CF6C-D146-4332-9782-B7925EF5BB76}.Debug|Any CPU.Build.0 = Debug|Any CPU
		{DE56CF6C-D146-4332-9782-B7925EF5BB76}.Debug|Any CPU.Deploy.0 = Debug|Any CPU
		{DE56CF6C-D146-4332-9782-B7925EF5BB76}.Debug|iPhone.ActiveCfg = Debug|Any CPU
		{DE56CF6C-D146-4332-9782-B7925EF5BB76}.Debug|iPhone.Build.0 = Debug|Any CPU
		{DE56CF6C-D146-4332-9782-B7925EF5BB76}.Debug|iPhone.Deploy.0 = Debug|Any CPU
		{DE56CF6C-D146-4332-9782-B7925EF5BB76}.Debug|iPhoneSimulator.ActiveCfg = Debug|Any CPU
		{DE56CF6C-D146-4332-9782-B7925EF5BB76}.Debug|iPhoneSimulator.Build.0 = Debug|Any CPU
		{DE56CF6C-D146-4332-9782-B7925EF5BB76}.Debug|iPhoneSimulator.Deploy.0 = Debug|Any CPU
		{DE56CF6C-D146-4332-9782-B7925EF5BB76}.Release|Any CPU.ActiveCfg = Release|Any CPU
		{DE56CF6C-D146-4332-9782-B7925EF5BB76}.Release|Any CPU.Build.0 = Release|Any CPU
		{DE56CF6C-D146-4332-9782-B7925EF5BB76}.Release|Any CPU.Deploy.0 = Release|Any CPU
		{DE56CF6C-D146-4332-9782-B7925EF5BB76}.Release|iPhone.ActiveCfg = Release|Any CPU
		{DE56CF6C-D146-4332-9782-B7925EF5BB76}.Release|iPhone.Build.0 = Release|Any CPU
		{DE56CF6C-D146-4332-9782-B7925EF5BB76}.Release|iPhone.Deploy.0 = Release|Any CPU
		{DE56CF6C-D146-4332-9782-B7925EF5BB76}.Release|iPhoneSimulator.ActiveCfg = Release|Any CPU
		{DE56CF6C-D146-4332-9782-B7925EF5BB76}.Release|iPhoneSimulator.Build.0 = Release|Any CPU
		{DE56CF6C-D146-4332-9782-B7925EF5BB76}.Release|iPhoneSimulator.Deploy.0 = Release|Any CPU
		{4E29E5D4-F7AA-44F7-91C5-12843DA0BA65}.Debug|Any CPU.ActiveCfg = Debug|iPhone
		{4E29E5D4-F7AA-44F7-91C5-12843DA0BA65}.Debug|Any CPU.Build.0 = Debug|iPhone
		{4E29E5D4-F7AA-44F7-91C5-12843DA0BA65}.Debug|Any CPU.Deploy.0 = Debug|iPhone
		{4E29E5D4-F7AA-44F7-91C5-12843DA0BA65}.Debug|iPhone.ActiveCfg = Debug|iPhone
		{4E29E5D4-F7AA-44F7-91C5-12843DA0BA65}.Debug|iPhone.Build.0 = Debug|iPhone
		{4E29E5D4-F7AA-44F7-91C5-12843DA0BA65}.Debug|iPhone.Deploy.0 = Debug|iPhone
		{4E29E5D4-F7AA-44F7-91C5-12843DA0BA65}.Debug|iPhoneSimulator.ActiveCfg = Debug|iPhoneSimulator
		{4E29E5D4-F7AA-44F7-91C5-12843DA0BA65}.Debug|iPhoneSimulator.Build.0 = Debug|iPhoneSimulator
		{4E29E5D4-F7AA-44F7-91C5-12843DA0BA65}.Debug|iPhoneSimulator.Deploy.0 = Debug|iPhoneSimulator
		{4E29E5D4-F7AA-44F7-91C5-12843DA0BA65}.Release|Any CPU.ActiveCfg = Release|iPhoneSimulator
		{4E29E5D4-F7AA-44F7-91C5-12843DA0BA65}.Release|Any CPU.Build.0 = Release|iPhoneSimulator
		{4E29E5D4-F7AA-44F7-91C5-12843DA0BA65}.Release|Any CPU.Deploy.0 = Release|iPhoneSimulator
		{4E29E5D4-F7AA-44F7-91C5-12843DA0BA65}.Release|iPhone.ActiveCfg = Release|iPhone
		{4E29E5D4-F7AA-44F7-91C5-12843DA0BA65}.Release|iPhone.Build.0 = Release|iPhone
		{4E29E5D4-F7AA-44F7-91C5-12843DA0BA65}.Release|iPhone.Deploy.0 = Release|iPhone
		{4E29E5D4-F7AA-44F7-91C5-12843DA0BA65}.Release|iPhoneSimulator.ActiveCfg = Release|iPhoneSimulator
		{4E29E5D4-F7AA-44F7-91C5-12843DA0BA65}.Release|iPhoneSimulator.Build.0 = Release|iPhoneSimulator
		{4E29E5D4-F7AA-44F7-91C5-12843DA0BA65}.Release|iPhoneSimulator.Deploy.0 = Release|iPhoneSimulator
		{EAA73EB3-90A6-4852-8EDA-DE10D76F7034}.Debug|Any CPU.ActiveCfg = Debug|Any CPU
		{EAA73EB3-90A6-4852-8EDA-DE10D76F7034}.Debug|Any CPU.Build.0 = Debug|Any CPU
		{EAA73EB3-90A6-4852-8EDA-DE10D76F7034}.Debug|Any CPU.Deploy.0 = Debug|Any CPU
		{EAA73EB3-90A6-4852-8EDA-DE10D76F7034}.Debug|iPhone.ActiveCfg = Debug|Any CPU
		{EAA73EB3-90A6-4852-8EDA-DE10D76F7034}.Debug|iPhone.Build.0 = Debug|Any CPU
		{EAA73EB3-90A6-4852-8EDA-DE10D76F7034}.Debug|iPhone.Deploy.0 = Debug|Any CPU
		{EAA73EB3-90A6-4852-8EDA-DE10D76F7034}.Debug|iPhoneSimulator.ActiveCfg = Debug|Any CPU
		{EAA73EB3-90A6-4852-8EDA-DE10D76F7034}.Debug|iPhoneSimulator.Build.0 = Debug|Any CPU
		{EAA73EB3-90A6-4852-8EDA-DE10D76F7034}.Debug|iPhoneSimulator.Deploy.0 = Debug|Any CPU
		{EAA73EB3-90A6-4852-8EDA-DE10D76F7034}.Release|Any CPU.ActiveCfg = Release|Any CPU
		{EAA73EB3-90A6-4852-8EDA-DE10D76F7034}.Release|Any CPU.Build.0 = Release|Any CPU
		{EAA73EB3-90A6-4852-8EDA-DE10D76F7034}.Release|Any CPU.Deploy.0 = Release|Any CPU
		{EAA73EB3-90A6-4852-8EDA-DE10D76F7034}.Release|iPhone.ActiveCfg = Release|Any CPU
		{EAA73EB3-90A6-4852-8EDA-DE10D76F7034}.Release|iPhone.Build.0 = Release|Any CPU
		{EAA73EB3-90A6-4852-8EDA-DE10D76F7034}.Release|iPhone.Deploy.0 = Release|Any CPU
		{EAA73EB3-90A6-4852-8EDA-DE10D76F7034}.Release|iPhoneSimulator.ActiveCfg = Release|Any CPU
		{EAA73EB3-90A6-4852-8EDA-DE10D76F7034}.Release|iPhoneSimulator.Build.0 = Release|Any CPU
		{EAA73EB3-90A6-4852-8EDA-DE10D76F7034}.Release|iPhoneSimulator.Deploy.0 = Release|Any CPU
	EndGlobalSection
	GlobalSection(SolutionProperties) = preSolution
		HideSolutionNode = FALSE
	EndGlobalSection
	GlobalSection(ExtensibilityGlobals) = postSolution
		SolutionGuid = {AAD3873C-1581-4C65-B490-2CBA06E89BAB}
	EndGlobalSection
EndGlobal
